
Microsoft Visual Studio Solution File, Format Version 12.00
# Visual Studio 15
VisualStudioVersion = 15.0.27428.2037
MinimumVisualStudioVersion = 10.0.40219.1
Project("{FAE04EC0-301F-11D3-BF4B-00C04F79EFBC}") = "EstudosOO", "EstudosOO\EstudosOO.csproj", "{3CE9A6FF-8EE6-495E-A5F5-DE881CA7712D}"
EndProject
Project("{FAE04EC0-301F-11D3-BF4B-00C04F79EFBC}") = "EstudosOOpt2", "EstudosOOpt2\EstudosOOpt2.csproj", "{490EE2F6-94DF-43E0-9EA9-80855F09481D}"
EndProject
Global
	GlobalSection(SolutionConfigurationPlatforms) = preSolution
		Debug|Any CPU = Debug|Any CPU
		Release|Any CPU = Release|Any CPU
	EndGlobalSection
	GlobalSection(ProjectConfigurationPlatforms) = postSolution
		{3CE9A6FF-8EE6-495E-A5F5-DE881CA7712D}.Debug|Any CPU.ActiveCfg = Debug|Any CPU
		{3CE9A6FF-8EE6-495E-A5F5-DE881CA7712D}.Debug|Any CPU.Build.0 = Debug|Any CPU
		{3CE9A6FF-8EE6-495E-A5F5-DE881CA7712D}.Release|Any CPU.ActiveCfg = Release|Any CPU
		{3CE9A6FF-8EE6-495E-A5F5-DE881CA7712D}.Release|Any CPU.Build.0 = Release|Any CPU
		{490EE2F6-94DF-43E0-9EA9-80855F09481D}.Debug|Any CPU.ActiveCfg = Debug|Any CPU
		{490EE2F6-94DF-43E0-9EA9-80855F09481D}.Debug|Any CPU.Build.0 = Debug|Any CPU
		{490EE2F6-94DF-43E0-9EA9-80855F09481D}.Release|Any CPU.ActiveCfg = Release|Any CPU
		{490EE2F6-94DF-43E0-9EA9-80855F09481D}.Release|Any CPU.Build.0 = Release|Any CPU
	EndGlobalSection
	GlobalSection(SolutionProperties) = preSolution
		HideSolutionNode = FALSE
	EndGlobalSection
	GlobalSection(ExtensibilityGlobals) = postSolution
		SolutionGuid = {ABABA1B6-CD1E-4680-AD25-A8413A0F5FD3}
	EndGlobalSection
EndGlobal
