
Microsoft Visual Studio Solution File, Format Version 12.00
# Visual Studio 15
VisualStudioVersion = 15.0.27428.2037
MinimumVisualStudioVersion = 10.0.40219.1
Project("{FAE04EC0-301F-11D3-BF4B-00C04F79EFBC}") = "EstudosOOPt1", "EstudosOOPt1\EstudosOOPt1.csproj", "{13BB3144-7719-490E-A92E-6BA882078138}"
EndProject
Project("{FAE04EC0-301F-11D3-BF4B-00C04F79EFBC}") = "EstudosOOPt2", "EstudosOOPt2\EstudosOOPt2.csproj", "{542C7CBE-A40C-4F09-AA00-3E81C843E3C9}"
EndProject
Global
	GlobalSection(SolutionConfigurationPlatforms) = preSolution
		Debug|Any CPU = Debug|Any CPU
		Release|Any CPU = Release|Any CPU
	EndGlobalSection
	GlobalSection(ProjectConfigurationPlatforms) = postSolution
		{13BB3144-7719-490E-A92E-6BA882078138}.Debug|Any CPU.ActiveCfg = Debug|Any CPU
		{13BB3144-7719-490E-A92E-6BA882078138}.Debug|Any CPU.Build.0 = Debug|Any CPU
		{13BB3144-7719-490E-A92E-6BA882078138}.Release|Any CPU.ActiveCfg = Release|Any CPU
		{13BB3144-7719-490E-A92E-6BA882078138}.Release|Any CPU.Build.0 = Release|Any CPU
		{542C7CBE-A40C-4F09-AA00-3E81C843E3C9}.Debug|Any CPU.ActiveCfg = Debug|Any CPU
		{542C7CBE-A40C-4F09-AA00-3E81C843E3C9}.Debug|Any CPU.Build.0 = Debug|Any CPU
		{542C7CBE-A40C-4F09-AA00-3E81C843E3C9}.Release|Any CPU.ActiveCfg = Release|Any CPU
		{542C7CBE-A40C-4F09-AA00-3E81C843E3C9}.Release|Any CPU.Build.0 = Release|Any CPU
	EndGlobalSection
	GlobalSection(SolutionProperties) = preSolution
		HideSolutionNode = FALSE
	EndGlobalSection
	GlobalSection(ExtensibilityGlobals) = postSolution
		SolutionGuid = {D88E9880-153B-451B-A709-10534164E9CA}
	EndGlobalSection
EndGlobal
